{
  "version": 4,
  "terraform_version": "1.1.9",
  "serial": 4,
  "lineage": "5e9b3341-c076-3930-3367-ada6dee08dde",
  "outputs": {},
  "resources": [
    {
      "mode": "managed",
      "type": "aws_instance",
      "name": "my-ec2-vm",
      "provider": "provider[\"registry.terraform.io/hashicorp/aws\"]",
      "instances": [
        {
          "index_key": 0,
          "schema_version": 1,
          "attributes": {
            "ami": "ami-007020fd9c84e18c7",
            "arn": "arn:aws:ec2:ap-south-1:660928756515:instance/i-01fa2828f8d6af925",
            "associate_public_ip_address": true,
            "availability_zone": "ap-south-1b",
            "capacity_reservation_specification": [
              {
                "capacity_reservation_preference": "open",
                "capacity_reservation_target": []
              }
            ],
            "cpu_core_count": 1,
            "cpu_threads_per_core": 1,
            "credit_specification": [
              {
                "cpu_credits": "standard"
              }
            ],
            "disable_api_termination": false,
            "ebs_block_device": [],
            "ebs_optimized": false,
            "enclave_options": [
              {
                "enabled": false
              }
            ],
            "ephemeral_block_device": [],
            "get_password_data": false,
            "hibernation": false,
            "host_id": null,
            "iam_instance_profile": "",
            "id": "i-01fa2828f8d6af925",
            "instance_initiated_shutdown_behavior": "stop",
            "instance_state": "running",
            "instance_type": "t2.micro",
            "ipv6_address_count": 0,
            "ipv6_addresses": [],
            "key_name": "mum_license",
            "launch_template": [],
            "metadata_options": [
              {
                "http_endpoint": "enabled",
                "http_put_response_hop_limit": 1,
                "http_tokens": "optional",
                "instance_metadata_tags": "disabled"
              }
            ],
            "monitoring": false,
            "network_interface": [],
            "outpost_arn": "",
            "password_data": "",
            "placement_group": "",
            "placement_partition_number": null,
            "primary_network_interface_id": "eni-0fa239ef77d40a873",
            "private_dns": "ip-172-31-13-118.ap-south-1.compute.internal",
            "private_ip": "172.31.13.118",
            "public_dns": "ec2-3-110-108-151.ap-south-1.compute.amazonaws.com",
            "public_ip": "3.110.108.151",
            "root_block_device": [
              {
                "delete_on_termination": true,
                "device_name": "/dev/sda1",
                "encrypted": false,
                "iops": 100,
                "kms_key_id": "",
                "tags": {},
                "throughput": 0,
                "volume_id": "vol-055b21f87e63757d8",
                "volume_size": 8,
                "volume_type": "gp2"
              }
            ],
            "secondary_private_ips": [],
            "security_groups": [
              "default"
            ],
            "source_dest_check": true,
            "subnet_id": "subnet-03ab26703fb8018c9",
            "tags": {
              "Name": "myec2vm"
            },
            "tags_all": {
              "Name": "myec2vm"
            },
            "tenancy": "default",
            "timeouts": null,
            "user_data": null,
            "user_data_base64": null,
            "volume_tags": null,
            "vpc_security_group_ids": [
              "sg-09c34a5de71f46762"
            ]
          },
          "sensitive_attributes": [],
          "private": "eyJlMmJmYjczMC1lY2FhLTExZTYtOGY4OC0zNDM2M2JjN2M0YzAiOnsiY3JlYXRlIjo2MDAwMDAwMDAwMDAsImRlbGV0ZSI6MTIwMDAwMDAwMDAwMCwidXBkYXRlIjo2MDAwMDAwMDAwMDB9LCJzY2hlbWFfdmVyc2lvbiI6IjEifQ==",
          "dependencies": [
            "aws_key_pair.my_key"
          ]
        }
      ]
    },
    {
      "mode": "managed",
      "type": "aws_key_pair",
      "name": "my_key",
      "provider": "provider[\"registry.terraform.io/hashicorp/aws\"]",
      "instances": [
        {
          "schema_version": 1,
          "attributes": {
            "arn": "arn:aws:ec2:ap-south-1:660928756515:key-pair/mum_license",
            "fingerprint": "cc:ec:44:75:36:13:da:61:b0:bb:c9:21:e0:4b:37:4a",
            "id": "mum_license",
            "key_name": "mum_license",
            "key_name_prefix": "",
            "key_pair_id": "key-0f9219f6a8e055bed",
            "public_key": "ssh-rsa AAAAB3NzaC1yc2EAAAADAQABAAABAQCD5077dPnQfbxobewsz6LLEwRAkIHeI9yMw9qei0Z88DI0sylw4shwROHpWF0OG3KSBvi8uFWkb5BL7Mda+nLSCmELtJY8A1qFPhqCMXPFfmM0ufKv082CV7DNOwWqZR/NfAah2p2+CmE5vo2103lbFWzGqIreFa+48kuADiQEZtGQ941/gBHYVcpENGJifT05Ddv9NCVapcySQfBTpRYzBZFhHk3VsmOvHaVT6p59pBlCUe8sADIufJhhmuC+P+4rgAk4GFLOGgvInKpSSRBHgrmJe6lyKr/qQSlo2nKljEjiMDM3n7y5yG1UYfKWLowVLe21DI8bDuQPZU3Sn3wL  EOF",
            "tags": null,
            "tags_all": {}
          },
          "sensitive_attributes": [],
          "private": "eyJzY2hlbWFfdmVyc2lvbiI6IjEifQ=="
        }
      ]
    }
  ]
}
